// !$*UTF8*$!
{
	archiveVersion = 1;
	classes = {
	};
	objectVersion = 46;
	objects = {

/* Begin PBXBuildFile section */
		FAFA04E01D06BAA000099A24 /* AppDelegate.swift in Sources */ = {isa = PBXBuildFile; fileRef = FAFA04DF1D06BAA000099A24 /* AppDelegate.swift */; };
		FAFA04E21D06BAA000099A24 /* ViewController.swift in Sources */ = {isa = PBXBuildFile; fileRef = FAFA04E11D06BAA000099A24 /* ViewController.swift */; };
		FAFA04E51D06BAA000099A24 /* Main.storyboard in Resources */ = {isa = PBXBuildFile; fileRef = FAFA04E31D06BAA000099A24 /* Main.storyboard */; };
		FAFA04E81D06BAA000099A24 /* AreYerAWizard.xcdatamodeld in Sources */ = {isa = PBXBuildFile; fileRef = FAFA04E61D06BAA000099A24 /* AreYerAWizard.xcdatamodeld */; };
		FAFA04EA1D06BAA000099A24 /* Assets.xcassets in Resources */ = {isa = PBXBuildFile; fileRef = FAFA04E91D06BAA000099A24 /* Assets.xcassets */; };
		FAFA04ED1D06BAA000099A24 /* LaunchScreen.storyboard in Resources */ = {isa = PBXBuildFile; fileRef = FAFA04EB1D06BAA000099A24 /* LaunchScreen.storyboard */; };
/* End PBXBuildFile section */

/* Begin PBXFileReference section */
		FAFA04DC1D06BAA000099A24 /* AreYerAWizard.app */ = {isa = PBXFileReference; explicitFileType = wrapper.application; includeInIndex = 0; path = AreYerAWizard.app; sourceTree = BUILT_PRODUCTS_DIR; };
		FAFA04DF1D06BAA000099A24 /* AppDelegate.swift */ = {isa = PBXFileReference; lastKnownFileType = sourcecode.swift; path = AppDelegate.swift; sourceTree = "<group>"; };
		FAFA04E11D06BAA000099A24 /* ViewController.swift */ = {isa = PBXFileReference; lastKnownFileType = sourcecode.swift; path = ViewController.swift; sourceTree = "<group>"; };
		FAFA04E41D06BAA000099A24 /* Base */ = {isa = PBXFileReference; lastKnownFileType = file.storyboard; name = Base; path = Base.lproj/Main.storyboard; sourceTree = "<group>"; };
		FAFA04E71D06BAA000099A24 /* AreYerAWizard.xcdatamodel */ = {isa = PBXFileReference; lastKnownFileType = wrapper.xcdatamodel; path = AreYerAWizard.xcdatamodel; sourceTree = "<group>"; };
		FAFA04E91D06BAA000099A24 /* Assets.xcassets */ = {isa = PBXFileReference; lastKnownFileType = folder.assetcatalog; path = Assets.xcassets; sourceTree = "<group>"; };
		FAFA04EC1D06BAA000099A24 /* Base */ = {isa = PBXFileReference; lastKnownFileType = file.storyboard; name = Base; path = Base.lproj/LaunchScreen.storyboard; sourceTree = "<group>"; };
		FAFA04EE1D06BAA000099A24 /* Info.plist */ = {isa = PBXFileReference; lastKnownFileType = text.plist.xml; path = Info.plist; sourceTree = "<group>"; };
/* End PBXFileReference section */

/* Begin PBXFrameworksBuildPhase section */
		FAFA04D91D06BAA000099A24 /* Frameworks */ = {
			isa = PBXFrameworksBuildPhase;
			buildActionMask = 2147483647;
			files = (
			);
			runOnlyForDeploymentPostprocessing = 0;
		};
/* End PBXFrameworksBuildPhase section */

/* Begin PBXGroup section */
		FAFA04D31D06BAA000099A24 = {
			isa = PBXGroup;
			children = (
				FAFA04DE1D06BAA000099A24 /* AreYerAWizard */,
				FAFA04DD1D06BAA000099A24 /* Products */,
			);
			sourceTree = "<group>";
		};
		FAFA04DD1D06BAA000099A24 /* Products */ = {
			isa = PBXGroup;
			children = (
				FAFA04DC1D06BAA000099A24 /* AreYerAWizard.app */,
			);
			name = Products;
			sourceTree = "<group>";
		};
		FAFA04DE1D06BAA000099A24 /* AreYerAWizard */ = {
			isa = PBXGroup;
			children = (
				FAFA04DF1D06BAA000099A24 /* AppDelegate.swift */,
				FAFA04E11D06BAA000099A24 /* ViewController.swift */,
				FAFA04E31D06BAA000099A24 /* Main.storyboard */,
				FAFA04E91D06BAA000099A24 /* Assets.xcassets */,
				FAFA04EB1D06BAA000099A24 /* LaunchScreen.storyboard */,
				FAFA04EE1D06BAA000099A24 /* Info.plist */,
				FAFA04E61D06BAA000099A24 /* AreYerAWizard.xcdatamodeld */,
			);
			path = AreYerAWizard;
			sourceTree = "<group>";
		};
/* End PBXGroup section */

/* Begin PBXNativeTarget section */
		FAFA04DB1D06BAA000099A24 /* AreYerAWizard */ = {
			isa = PBXNativeTarget;
			buildConfigurationList = FAFA04F11D06BAA000099A24 /* Build configuration list for PBXNativeTarget "AreYerAWizard" */;
			buildPhases = (
				FAFA04D81D06BAA000099A24 /* Sources */,
				FAFA04D91D06BAA000099A24 /* Frameworks */,
				FAFA04DA1D06BAA000099A24 /* Resources */,
			);
			buildRules = (
			);
			dependencies = (
			);
			name = AreYerAWizard;
			productName = AreYerAWizard;
			productReference = FAFA04DC1D06BAA000099A24 /* AreYerAWizard.app */;
			productType = "com.apple.product-type.application";
		};
/* End PBXNativeTarget section */

/* Begin PBXProject section */
		FAFA04D41D06BAA000099A24 /* Project object */ = {
			isa = PBXProject;
			attributes = {
				LastSwiftUpdateCheck = 0730;
				LastUpgradeCheck = 0730;
				ORGANIZATIONNAME = AlexGreene;
				TargetAttributes = {
					FAFA04DB1D06BAA000099A24 = {
						CreatedOnToolsVersion = 7.3.1;
					};
				};
			};
			buildConfigurationList = FAFA04D71D06BAA000099A24 /* Build configuration list for PBXProject "AreYerAWizard" */;
			compatibilityVersion = "Xcode 3.2";
			developmentRegion = English;
			hasScannedForEncodings = 0;
			knownRegions = (
				en,
				Base,
			);
			mainGroup = FAFA04D31D06BAA000099A24;
			productRefGroup = FAFA04DD1D06BAA000099A24 /* Products */;
			projectDirPath = "";
			projectRoot = "";
			targets = (
				FAFA04DB1D06BAA000099A24 /* AreYerAWizard */,
			);
		};
/* End PBXProject section */

/* Begin PBXResourcesBuildPhase section */
		FAFA04DA1D06BAA000099A24 /* Resources */ = {
			isa = PBXResourcesBuildPhase;
			buildActionMask = 2147483647;
			files = (
				FAFA04ED1D06BAA000099A24 /* LaunchScreen.storyboard in Resources */,
				FAFA04EA1D06BAA000099A24 /* Assets.xcassets in Resources */,
				FAFA04E51D06BAA000099A24 /* Main.storyboard in Resources */,
			);
			runOnlyForDeploymentPostprocessing = 0;
		};
/* End PBXResourcesBuildPhase section */

/* Begin PBXSourcesBuildPhase section */
		FAFA04D81D06BAA000099A24 /* Sources */ = {
			isa = PBXSourcesBuildPhase;
			buildActionMask = 2147483647;
			files = (
				FAFA04E21D06BAA000099A24 /* ViewController.swift in Sources */,
				FAFA04E81D06BAA000099A24 /* AreYerAWizard.xcdatamodeld in Sources */,
				FAFA04E01D06BAA000099A24 /* AppDelegate.swift in Sources */,
			);
			runOnlyForDeploymentPostprocessing = 0;
		};
/* End PBXSourcesBuildPhase section */

/* Begin PBXVariantGroup section */
		FAFA04E31D06BAA000099A24 /* Main.storyboard */ = {
			isa = PBXVariantGroup;
			children = (
				FAFA04E41D06BAA000099A24 /* Base */,
			);
			name = Main.storyboard;
			sourceTree = "<group>";
		};
		FAFA04EB1D06BAA000099A24 /* LaunchScreen.storyboard */ = {
			isa = PBXVariantGroup;
			children = (
				FAFA04EC1D06BAA000099A24 /* Base */,
			);
			name = LaunchScreen.storyboard;
			sourceTree = "<group>";
		};
/* End PBXVariantGroup section */

/* Begin XCBuildConfiguration section */
		FAFA04EF1D06BAA000099A24 /* Debug */ = {
			isa = XCBuildConfiguration;
			buildSettings = {
				ALWAYS_SEARCH_USER_PATHS = NO;
				CLANG_ANALYZER_NONNULL = YES;
				CLANG_CXX_LANGUAGE_STANDARD = "gnu++0x";
				CLANG_CXX_LIBRARY = "libc++";
				CLANG_ENABLE_MODULES = YES;
				CLANG_ENABLE_OBJC_ARC = YES;
				CLANG_WARN_BOOL_CONVERSION = YES;
				CLANG_WARN_CONSTANT_CONVERSION = YES;
				CLANG_WARN_DIRECT_OBJC_ISA_USAGE = YES_ERROR;
				CLANG_WARN_EMPTY_BODY = YES;
				CLANG_WARN_ENUM_CONVERSION = YES;
				CLANG_WARN_INT_CONVERSION = YES;
				CLANG_WARN_OBJC_ROOT_CLASS = YES_ERROR;
				CLANG_WARN_UNREACHABLE_CODE = YES;
				CLANG_WARN__DUPLICATE_METHOD_MATCH = YES;
				"CODE_SIGN_IDENTITY[sdk=iphoneos*]" = "iPhone Developer";
				COPY_PHASE_STRIP = NO;
				DEBUG_INFORMATION_FORMAT = dwarf;
				ENABLE_STRICT_OBJC_MSGSEND = YES;
				ENABLE_TESTABILITY = YES;
				GCC_C_LANGUAGE_STANDARD = gnu99;
				GCC_DYNAMIC_NO_PIC = NO;
				GCC_NO_COMMON_BLOCKS = YES;
				GCC_OPTIMIZATION_LEVEL = 0;
				GCC_PREPROCESSOR_DEFINITIONS = (
					"DEBUG=1",
					"$(inherited)",
				);
				GCC_WARN_64_TO_32_BIT_CONVERSION = YES;
				GCC_WARN_ABOUT_RETURN_TYPE = YES_ERROR;
				GCC_WARN_UNDECLARED_SELECTOR = YES;
				GCC_WARN_UNINITIALIZED_AUTOS = YES_AGGRESSIVE;
				GCC_WARN_UNUSED_FUNCTION = YES;
				GCC_WARN_UNUSED_VARIABLE = YES;
				IPHONEOS_DEPLOYMENT_TARGET = 9.3;
				MTL_ENABLE_DEBUG_INFO = YES;
				ONLY_ACTIVE_ARCH = YES;
				SDKROOT = iphoneos;
				SWIFT_OPTIMIZATION_LEVEL = "-Onone";
				TARGETED_DEVICE_FAMILY = "1,2";
			};
			name = Debug;
		};
		FAFA04F01D06BAA000099A24 /* Release */ = {
			isa = XCBuildConfiguration;
			buildSettings = {
				ALWAYS_SEARCH_USER_PATHS = NO;
				CLANG_ANALYZER_NONNULL = YES;
				CLANG_CXX_LANGUAGE_STANDARD = "gnu++0x";
				CLANG_CXX_LIBRARY = "libc++";
				CLANG_ENABLE_MODULES = YES;
				CLANG_ENABLE_OBJC_ARC = YES;
				CLANG_WARN_BOOL_CONVERSION = YES;
				CLANG_WARN_CONSTANT_CONVERSION = YES;
				CLANG_WARN_DIRECT_OBJC_ISA_USAGE = YES_ERROR;
				CLANG_WARN_EMPTY_BODY = YES;
				CLANG_WARN_ENUM_CONVERSION = YES;
				CLANG_WARN_INT_CONVERSION = YES;
				CLANG_WARN_OBJC_ROOT_CLASS = YES_ERROR;
				CLANG_WARN_UNREACHABLE_CODE = YES;
				CLANG_WARN__DUPLICATE_METHOD_MATCH = YES;
				"CODE_SIGN_IDENTITY[sdk=iphoneos*]" = "iPhone Developer";
				COPY_PHASE_STRIP = NO;
				DEBUG_INFORMATION_FORMAT = "dwarf-with-dsym";
				ENABLE_NS_ASSERTIONS = NO;
				ENABLE_STRICT_OBJC_MSGSEND = YES;
				GCC_C_LANGUAGE_STANDARD = gnu99;
				GCC_NO_COMMON_BLOCKS = YES;
				GCC_WARN_64_TO_32_BIT_CONVERSION = YES;
				GCC_WARN_ABOUT_RETURN_TYPE = YES_ERROR;
				GCC_WARN_UNDECLARED_SELECTOR = YES;
				GCC_WARN_UNINITIALIZED_AUTOS = YES_AGGRESSIVE;
				GCC_WARN_UNUSED_FUNCTION = YES;
				GCC_WARN_UNUSED_VARIABLE = YES;
				IPHONEOS_DEPLOYMENT_TARGET = 9.3;
				MTL_ENABLE_DEBUG_INFO = NO;
				SDKROOT = iphoneos;
				TARGETED_DEVICE_FAMILY = "1,2";
				VALIDATE_PRODUCT = YES;
			};
			name = Release;
		};
		FAFA04F21D06BAA000099A24 /* Debug */ = {
			isa = XCBuildConfiguration;
			buildSettings = {
				ASSETCATALOG_COMPILER_APPICON_NAME = AppIcon;
				INFOPLIST_FILE = AreYerAWizard/Info.plist;
				LD_RUNPATH_SEARCH_PATHS = "$(inherited) @executable_path/Frameworks";
				PRODUCT_BUNDLE_IDENTIFIER = com.AlexGreene.AreYerAWizard;
				PRODUCT_NAME = "$(TARGET_NAME)";
			};
			name = Debug;
		};
		FAFA04F31D06BAA000099A24 /* Release */ = {
			isa = XCBuildConfiguration;
			buildSettings = {
				ASSETCATALOG_COMPILER_APPICON_NAME = AppIcon;
				INFOPLIST_FILE = AreYerAWizard/Info.plist;
				LD_RUNPATH_SEARCH_PATHS = "$(inherited) @executable_path/Frameworks";
				PRODUCT_BUNDLE_IDENTIFIER = com.AlexGreene.AreYerAWizard;
				PRODUCT_NAME = "$(TARGET_NAME)";
			};
			name = Release;
		};
/* End XCBuildConfiguration section */

/* Begin XCConfigurationList section */
		FAFA04D71D06BAA000099A24 /* Build configuration list for PBXProject "AreYerAWizard" */ = {
			isa = XCConfigurationList;
			buildConfigurations = (
				FAFA04EF1D06BAA000099A24 /* Debug */,
				FAFA04F01D06BAA000099A24 /* Release */,
			);
			defaultConfigurationIsVisible = 0;
			defaultConfigurationName = Release;
		};
		FAFA04F11D06BAA000099A24 /* Build configuration list for PBXNativeTarget "AreYerAWizard" */ = {
			isa = XCConfigurationList;
			buildConfigurations = (
				FAFA04F21D06BAA000099A24 /* Debug */,
				FAFA04F31D06BAA000099A24 /* Release */,
			);
			defaultConfigurationIsVisible = 0;
		};
/* End XCConfigurationList section */

/* Begin XCVersionGroup section */
		FAFA04E61D06BAA000099A24 /* AreYerAWizard.xcdatamodeld */ = {
			isa = XCVersionGroup;
			children = (
				FAFA04E71D06BAA000099A24 /* AreYerAWizard.xcdatamodel */,
			);
			currentVersion = FAFA04E71D06BAA000099A24 /* AreYerAWizard.xcdatamodel */;
			path = AreYerAWizard.xcdatamodeld;
			sourceTree = "<group>";
			versionGroupType = wrapper.xcdatamodel;
		};
/* End XCVersionGroup section */
	};
	rootObject = FAFA04D41D06BAA000099A24 /* Project object */;
}
